// !$*UTF8*$!
{
	archiveVersion = 1;
	classes = {
	};
	objectVersion = 55;
	objects = {

/* Begin PBXBuildFile section */
		14926FC009FFB15621AB8FAE /* Pods_LoginTests.framework in Frameworks */ = {isa = PBXBuildFile; fileRef = 9A6E5288DBE80E48A7BEA486 /* Pods_LoginTests.framework */; };
		3A2057A627AF446D009469F5 /* Color.xcassets in Resources */ = {isa = PBXBuildFile; fileRef = 3A2057A527AF446D009469F5 /* Color.xcassets */; };
		3A2057AA27AF4F43009469F5 /* SIgnUpView.swift in Sources */ = {isa = PBXBuildFile; fileRef = 3A2057A927AF4F43009469F5 /* SIgnUpView.swift */; };
		3A2057AC27AF4F55009469F5 /* SignInView.swift in Sources */ = {isa = PBXBuildFile; fileRef = 3A2057AB27AF4F55009469F5 /* SignInView.swift */; };
		3A4EE2DD279F8FB50094CAB7 /* LoginApp.swift in Sources */ = {isa = PBXBuildFile; fileRef = 3A4EE2DC279F8FB50094CAB7 /* LoginApp.swift */; };
		3A4EE2DF279F8FB50094CAB7 /* ContentView.swift in Sources */ = {isa = PBXBuildFile; fileRef = 3A4EE2DE279F8FB50094CAB7 /* ContentView.swift */; };
		3A4EE2E1279F8FBB0094CAB7 /* Assets.xcassets in Resources */ = {isa = PBXBuildFile; fileRef = 3A4EE2E0279F8FBB0094CAB7 /* Assets.xcassets */; };
		3A4EE2E4279F8FBB0094CAB7 /* Preview Assets.xcassets in Resources */ = {isa = PBXBuildFile; fileRef = 3A4EE2E3279F8FBB0094CAB7 /* Preview Assets.xcassets */; };
		3A4EE2E6279F8FBB0094CAB7 /* Persistence.swift in Sources */ = {isa = PBXBuildFile; fileRef = 3A4EE2E5279F8FBB0094CAB7 /* Persistence.swift */; };
		3A4EE2E9279F8FBB0094CAB7 /* Login.xcdatamodeld in Sources */ = {isa = PBXBuildFile; fileRef = 3A4EE2E7279F8FBB0094CAB7 /* Login.xcdatamodeld */; };
		3A4EE2F3279F8FBC0094CAB7 /* LoginTests.swift in Sources */ = {isa = PBXBuildFile; fileRef = 3A4EE2F2279F8FBC0094CAB7 /* LoginTests.swift */; };
		3A4EE2FD279F8FBC0094CAB7 /* LoginUITests.swift in Sources */ = {isa = PBXBuildFile; fileRef = 3A4EE2FC279F8FBC0094CAB7 /* LoginUITests.swift */; };
		3A4EE2FF279F8FBC0094CAB7 /* LoginUITestsLaunchTests.swift in Sources */ = {isa = PBXBuildFile; fileRef = 3A4EE2FE279F8FBC0094CAB7 /* LoginUITestsLaunchTests.swift */; };
		3A4EE30C279FB0B80094CAB7 /* GoogleService-Info.plist in Resources */ = {isa = PBXBuildFile; fileRef = 3A4EE30B279FB0B80094CAB7 /* GoogleService-Info.plist */; };
		3A4EE30E27A59E010094CAB7 /* ContentViewVM.swift in Sources */ = {isa = PBXBuildFile; fileRef = 3A4EE30D27A59E000094CAB7 /* ContentViewVM.swift */; };
		753BE21D8151DB68005107AC /* Pods_Login.framework in Frameworks */ = {isa = PBXBuildFile; fileRef = CA16355B5BBEF080656A38FD /* Pods_Login.framework */; };
		DEB957D6D3A66231D1BAB742 /* Pods_Login_LoginUITests.framework in Frameworks */ = {isa = PBXBuildFile; fileRef = D1FD8B06CDC5E8C3E89CD7FA /* Pods_Login_LoginUITests.framework */; };
/* End PBXBuildFile section */

/* Begin PBXContainerItemProxy section */
		3A4EE2EF279F8FBC0094CAB7 /* PBXContainerItemProxy */ = {
			isa = PBXContainerItemProxy;
			containerPortal = 3A4EE2D1279F8FB40094CAB7 /* Project object */;
			proxyType = 1;
			remoteGlobalIDString = 3A4EE2D8279F8FB50094CAB7;
			remoteInfo = Login;
		};
		3A4EE2F9279F8FBC0094CAB7 /* PBXContainerItemProxy */ = {
			isa = PBXContainerItemProxy;
			containerPortal = 3A4EE2D1279F8FB40094CAB7 /* Project object */;
			proxyType = 1;
			remoteGlobalIDString = 3A4EE2D8279F8FB50094CAB7;
			remoteInfo = Login;
		};
/* End PBXContainerItemProxy section */

/* Begin PBXFileReference section */
		26F89C7437E115AE0618327E /* Pods-Login-LoginUITests.release.xcconfig */ = {isa = PBXFileReference; includeInIndex = 1; lastKnownFileType = text.xcconfig; name = "Pods-Login-LoginUITests.release.xcconfig"; path = "Target Support Files/Pods-Login-LoginUITests/Pods-Login-LoginUITests.release.xcconfig"; sourceTree = "<group>"; };
		2E575B569106C97995103B20 /* Pods-LoginTests.debug.xcconfig */ = {isa = PBXFileReference; includeInIndex = 1; lastKnownFileType = text.xcconfig; name = "Pods-LoginTests.debug.xcconfig"; path = "Target Support Files/Pods-LoginTests/Pods-LoginTests.debug.xcconfig"; sourceTree = "<group>"; };
		3A2057A427AF4342009469F5 /* Info.plist */ = {isa = PBXFileReference; lastKnownFileType = text.plist; path = Info.plist; sourceTree = "<group>"; };
		3A2057A527AF446D009469F5 /* Color.xcassets */ = {isa = PBXFileReference; lastKnownFileType = folder.assetcatalog; path = Color.xcassets; sourceTree = "<group>"; };
		3A2057A927AF4F43009469F5 /* SIgnUpView.swift */ = {isa = PBXFileReference; lastKnownFileType = sourcecode.swift; path = SIgnUpView.swift; sourceTree = "<group>"; };
		3A2057AB27AF4F55009469F5 /* SignInView.swift */ = {isa = PBXFileReference; lastKnownFileType = sourcecode.swift; path = SignInView.swift; sourceTree = "<group>"; };
		3A4EE2D9279F8FB50094CAB7 /* Login.app */ = {isa = PBXFileReference; explicitFileType = wrapper.application; includeInIndex = 0; path = Login.app; sourceTree = BUILT_PRODUCTS_DIR; };
		3A4EE2DC279F8FB50094CAB7 /* LoginApp.swift */ = {isa = PBXFileReference; lastKnownFileType = sourcecode.swift; path = LoginApp.swift; sourceTree = "<group>"; };
		3A4EE2DE279F8FB50094CAB7 /* ContentView.swift */ = {isa = PBXFileReference; lastKnownFileType = sourcecode.swift; path = ContentView.swift; sourceTree = "<group>"; };
		3A4EE2E0279F8FBB0094CAB7 /* Assets.xcassets */ = {isa = PBXFileReference; lastKnownFileType = folder.assetcatalog; path = Assets.xcassets; sourceTree = "<group>"; };
		3A4EE2E3279F8FBB0094CAB7 /* Preview Assets.xcassets */ = {isa = PBXFileReference; lastKnownFileType = folder.assetcatalog; path = "Preview Assets.xcassets"; sourceTree = "<group>"; };
		3A4EE2E5279F8FBB0094CAB7 /* Persistence.swift */ = {isa = PBXFileReference; lastKnownFileType = sourcecode.swift; path = Persistence.swift; sourceTree = "<group>"; };
		3A4EE2E8279F8FBB0094CAB7 /* Login.xcdatamodel */ = {isa = PBXFileReference; lastKnownFileType = wrapper.xcdatamodel; path = Login.xcdatamodel; sourceTree = "<group>"; };
		3A4EE2EE279F8FBC0094CAB7 /* LoginTests.xctest */ = {isa = PBXFileReference; explicitFileType = wrapper.cfbundle; includeInIndex = 0; path = LoginTests.xctest; sourceTree = BUILT_PRODUCTS_DIR; };
		3A4EE2F2279F8FBC0094CAB7 /* LoginTests.swift */ = {isa = PBXFileReference; lastKnownFileType = sourcecode.swift; path = LoginTests.swift; sourceTree = "<group>"; };
		3A4EE2F8279F8FBC0094CAB7 /* LoginUITests.xctest */ = {isa = PBXFileReference; explicitFileType = wrapper.cfbundle; includeInIndex = 0; path = LoginUITests.xctest; sourceTree = BUILT_PRODUCTS_DIR; };
		3A4EE2FC279F8FBC0094CAB7 /* LoginUITests.swift */ = {isa = PBXFileReference; lastKnownFileType = sourcecode.swift; path = LoginUITests.swift; sourceTree = "<group>"; };
		3A4EE2FE279F8FBC0094CAB7 /* LoginUITestsLaunchTests.swift */ = {isa = PBXFileReference; lastKnownFileType = sourcecode.swift; path = LoginUITestsLaunchTests.swift; sourceTree = "<group>"; };
		3A4EE30B279FB0B80094CAB7 /* GoogleService-Info.plist */ = {isa = PBXFileReference; fileEncoding = 4; lastKnownFileType = text.plist.xml; path = "GoogleService-Info.plist"; sourceTree = "<group>"; };
		3A4EE30D27A59E000094CAB7 /* ContentViewVM.swift */ = {isa = PBXFileReference; lastKnownFileType = sourcecode.swift; path = ContentViewVM.swift; sourceTree = "<group>"; };
		61F78B4A997E84BBE63BC651 /* Pods-LoginTests.release.xcconfig */ = {isa = PBXFileReference; includeInIndex = 1; lastKnownFileType = text.xcconfig; name = "Pods-LoginTests.release.xcconfig"; path = "Target Support Files/Pods-LoginTests/Pods-LoginTests.release.xcconfig"; sourceTree = "<group>"; };
		6F3F10B128B70644CFED6E8D /* Pods-Login.debug.xcconfig */ = {isa = PBXFileReference; includeInIndex = 1; lastKnownFileType = text.xcconfig; name = "Pods-Login.debug.xcconfig"; path = "Target Support Files/Pods-Login/Pods-Login.debug.xcconfig"; sourceTree = "<group>"; };
		9A6E5288DBE80E48A7BEA486 /* Pods_LoginTests.framework */ = {isa = PBXFileReference; explicitFileType = wrapper.framework; includeInIndex = 0; path = Pods_LoginTests.framework; sourceTree = BUILT_PRODUCTS_DIR; };
		AB0A08DE312E0A963F057F87 /* Pods-Login.release.xcconfig */ = {isa = PBXFileReference; includeInIndex = 1; lastKnownFileType = text.xcconfig; name = "Pods-Login.release.xcconfig"; path = "Target Support Files/Pods-Login/Pods-Login.release.xcconfig"; sourceTree = "<group>"; };
		CA16355B5BBEF080656A38FD /* Pods_Login.framework */ = {isa = PBXFileReference; explicitFileType = wrapper.framework; includeInIndex = 0; path = Pods_Login.framework; sourceTree = BUILT_PRODUCTS_DIR; };
		D1FD8B06CDC5E8C3E89CD7FA /* Pods_Login_LoginUITests.framework */ = {isa = PBXFileReference; explicitFileType = wrapper.framework; includeInIndex = 0; path = Pods_Login_LoginUITests.framework; sourceTree = BUILT_PRODUCTS_DIR; };
		FF50D774905BC72057824DC5 /* Pods-Login-LoginUITests.debug.xcconfig */ = {isa = PBXFileReference; includeInIndex = 1; lastKnownFileType = text.xcconfig; name = "Pods-Login-LoginUITests.debug.xcconfig"; path = "Target Support Files/Pods-Login-LoginUITests/Pods-Login-LoginUITests.debug.xcconfig"; sourceTree = "<group>"; };
/* End PBXFileReference section */

/* Begin PBXFrameworksBuildPhase section */
		3A4EE2D6279F8FB50094CAB7 /* Frameworks */ = {
			isa = PBXFrameworksBuildPhase;
			buildActionMask = 2147483647;
			files = (
				753BE21D8151DB68005107AC /* Pods_Login.framework in Frameworks */,
			);
			runOnlyForDeploymentPostprocessing = 0;
		};
		3A4EE2EB279F8FBC0094CAB7 /* Frameworks */ = {
			isa = PBXFrameworksBuildPhase;
			buildActionMask = 2147483647;
			files = (
				14926FC009FFB15621AB8FAE /* Pods_LoginTests.framework in Frameworks */,
			);
			runOnlyForDeploymentPostprocessing = 0;
		};
		3A4EE2F5279F8FBC0094CAB7 /* Frameworks */ = {
			isa = PBXFrameworksBuildPhase;
			buildActionMask = 2147483647;
			files = (
				DEB957D6D3A66231D1BAB742 /* Pods_Login_LoginUITests.framework in Frameworks */,
			);
			runOnlyForDeploymentPostprocessing = 0;
		};
/* End PBXFrameworksBuildPhase section */

/* Begin PBXGroup section */
		3A2057AD27AF50BB009469F5 /* View */ = {
			isa = PBXGroup;
			children = (
				3A4EE2DC279F8FB50094CAB7 /* LoginApp.swift */,
				3A4EE2DE279F8FB50094CAB7 /* ContentView.swift */,
				3A2057AB27AF4F55009469F5 /* SignInView.swift */,
				3A2057A927AF4F43009469F5 /* SIgnUpView.swift */,
			);
			path = View;
			sourceTree = "<group>";
		};
		3A2057AE27AF50C7009469F5 /* ViewModel */ = {
			isa = PBXGroup;
			children = (
				3A4EE30D27A59E000094CAB7 /* ContentViewVM.swift */,
			);
			path = ViewModel;
			sourceTree = "<group>";
		};
		3A4EE2D0279F8FB40094CAB7 = {
			isa = PBXGroup;
			children = (
				3A4EE2DB279F8FB50094CAB7 /* Login */,
				3A4EE2F1279F8FBC0094CAB7 /* LoginTests */,
				3A4EE2FB279F8FBC0094CAB7 /* LoginUITests */,
				3A4EE2DA279F8FB50094CAB7 /* Products */,
				DF6C63DA3DD8CB6BD5B2E587 /* Pods */,
				965FC0A45C294BA30A48DD69 /* Frameworks */,
			);
			sourceTree = "<group>";
		};
		3A4EE2DA279F8FB50094CAB7 /* Products */ = {
			isa = PBXGroup;
			children = (
				3A4EE2D9279F8FB50094CAB7 /* Login.app */,
				3A4EE2EE279F8FBC0094CAB7 /* LoginTests.xctest */,
				3A4EE2F8279F8FBC0094CAB7 /* LoginUITests.xctest */,
			);
			name = Products;
			sourceTree = "<group>";
		};
		3A4EE2DB279F8FB50094CAB7 /* Login */ = {
			isa = PBXGroup;
			children = (
				3A2057AD27AF50BB009469F5 /* View */,
				3A2057AE27AF50C7009469F5 /* ViewModel */,
				3A2057A427AF4342009469F5 /* Info.plist */,
				3A4EE30B279FB0B80094CAB7 /* GoogleService-Info.plist */,
				3A4EE2E5279F8FBB0094CAB7 /* Persistence.swift */,
				3A4EE2E7279F8FBB0094CAB7 /* Login.xcdatamodeld */,
				3A4EE2E0279F8FBB0094CAB7 /* Assets.xcassets */,
				3A2057A527AF446D009469F5 /* Color.xcassets */,
				3A4EE2E2279F8FBB0094CAB7 /* Preview Content */,
			);
			path = Login;
			sourceTree = "<group>";
		};
		3A4EE2E2279F8FBB0094CAB7 /* Preview Content */ = {
			isa = PBXGroup;
			children = (
				3A4EE2E3279F8FBB0094CAB7 /* Preview Assets.xcassets */,
			);
			path = "Preview Content";
			sourceTree = "<group>";
		};
		3A4EE2F1279F8FBC0094CAB7 /* LoginTests */ = {
			isa = PBXGroup;
			children = (
				3A4EE2F2279F8FBC0094CAB7 /* LoginTests.swift */,
			);
			path = LoginTests;
			sourceTree = "<group>";
		};
		3A4EE2FB279F8FBC0094CAB7 /* LoginUITests */ = {
			isa = PBXGroup;
			children = (
				3A4EE2FC279F8FBC0094CAB7 /* LoginUITests.swift */,
				3A4EE2FE279F8FBC0094CAB7 /* LoginUITestsLaunchTests.swift */,
			);
			path = LoginUITests;
			sourceTree = "<group>";
		};
		965FC0A45C294BA30A48DD69 /* Frameworks */ = {
			isa = PBXGroup;
			children = (
				CA16355B5BBEF080656A38FD /* Pods_Login.framework */,
				D1FD8B06CDC5E8C3E89CD7FA /* Pods_Login_LoginUITests.framework */,
				9A6E5288DBE80E48A7BEA486 /* Pods_LoginTests.framework */,
			);
			name = Frameworks;
			sourceTree = "<group>";
		};
		DF6C63DA3DD8CB6BD5B2E587 /* Pods */ = {
			isa = PBXGroup;
			children = (
				6F3F10B128B70644CFED6E8D /* Pods-Login.debug.xcconfig */,
				AB0A08DE312E0A963F057F87 /* Pods-Login.release.xcconfig */,
				FF50D774905BC72057824DC5 /* Pods-Login-LoginUITests.debug.xcconfig */,
				26F89C7437E115AE0618327E /* Pods-Login-LoginUITests.release.xcconfig */,
				2E575B569106C97995103B20 /* Pods-LoginTests.debug.xcconfig */,
				61F78B4A997E84BBE63BC651 /* Pods-LoginTests.release.xcconfig */,
			);
			path = Pods;
			sourceTree = "<group>";
		};
/* End PBXGroup section */

/* Begin PBXNativeTarget section */
		3A4EE2D8279F8FB50094CAB7 /* Login */ = {
			isa = PBXNativeTarget;
			buildConfigurationList = 3A4EE302279F8FBC0094CAB7 /* Build configuration list for PBXNativeTarget "Login" */;
			buildPhases = (
				1FEEC32DAAAEFDD8ADB7F6D5 /* [CP] Check Pods Manifest.lock */,
				3A4EE2D5279F8FB50094CAB7 /* Sources */,
				3A4EE2D6279F8FB50094CAB7 /* Frameworks */,
				3A4EE2D7279F8FB50094CAB7 /* Resources */,
				BC155E0820D5EFA30DDAC46A /* [CP] Embed Pods Frameworks */,
			);
			buildRules = (
			);
			dependencies = (
			);
			name = Login;
			productName = Login;
			productReference = 3A4EE2D9279F8FB50094CAB7 /* Login.app */;
			productType = "com.apple.product-type.application";
		};
		3A4EE2ED279F8FBC0094CAB7 /* LoginTests */ = {
			isa = PBXNativeTarget;
			buildConfigurationList = 3A4EE305279F8FBC0094CAB7 /* Build configuration list for PBXNativeTarget "LoginTests" */;
			buildPhases = (
				14A9066968C7D2BD3363AA1E /* [CP] Check Pods Manifest.lock */,
				3A4EE2EA279F8FBC0094CAB7 /* Sources */,
				3A4EE2EB279F8FBC0094CAB7 /* Frameworks */,
				3A4EE2EC279F8FBC0094CAB7 /* Resources */,
			);
			buildRules = (
			);
			dependencies = (
				3A4EE2F0279F8FBC0094CAB7 /* PBXTargetDependency */,
			);
			name = LoginTests;
			productName = LoginTests;
			productReference = 3A4EE2EE279F8FBC0094CAB7 /* LoginTests.xctest */;
			productType = "com.apple.product-type.bundle.unit-test";
		};
		3A4EE2F7279F8FBC0094CAB7 /* LoginUITests */ = {
			isa = PBXNativeTarget;
			buildConfigurationList = 3A4EE308279F8FBC0094CAB7 /* Build configuration list for PBXNativeTarget "LoginUITests" */;
			buildPhases = (
				E40B24E72FAABF547EA6C230 /* [CP] Check Pods Manifest.lock */,
				3A4EE2F4279F8FBC0094CAB7 /* Sources */,
				3A4EE2F5279F8FBC0094CAB7 /* Frameworks */,
				3A4EE2F6279F8FBC0094CAB7 /* Resources */,
				890861901D0F4DAC194C620B /* [CP] Embed Pods Frameworks */,
			);
			buildRules = (
			);
			dependencies = (
				3A4EE2FA279F8FBC0094CAB7 /* PBXTargetDependency */,
			);
			name = LoginUITests;
			productName = LoginUITests;
			productReference = 3A4EE2F8279F8FBC0094CAB7 /* LoginUITests.xctest */;
			productType = "com.apple.product-type.bundle.ui-testing";
		};
/* End PBXNativeTarget section */

/* Begin PBXProject section */
		3A4EE2D1279F8FB40094CAB7 /* Project object */ = {
			isa = PBXProject;
			attributes = {
				BuildIndependentTargetsInParallel = 1;
				LastSwiftUpdateCheck = 1320;
				LastUpgradeCheck = 1320;
				TargetAttributes = {
					3A4EE2D8279F8FB50094CAB7 = {
						CreatedOnToolsVersion = 13.2.1;
					};
					3A4EE2ED279F8FBC0094CAB7 = {
						CreatedOnToolsVersion = 13.2.1;
						TestTargetID = 3A4EE2D8279F8FB50094CAB7;
					};
					3A4EE2F7279F8FBC0094CAB7 = {
						CreatedOnToolsVersion = 13.2.1;
						TestTargetID = 3A4EE2D8279F8FB50094CAB7;
					};
				};
			};
			buildConfigurationList = 3A4EE2D4279F8FB40094CAB7 /* Build configuration list for PBXProject "Login" */;
			compatibilityVersion = "Xcode 13.0";
			developmentRegion = en;
			hasScannedForEncodings = 0;
			knownRegions = (
				en,
				Base,
			);
			mainGroup = 3A4EE2D0279F8FB40094CAB7;
			productRefGroup = 3A4EE2DA279F8FB50094CAB7 /* Products */;
			projectDirPath = "";
			projectRoot = "";
			targets = (
				3A4EE2D8279F8FB50094CAB7 /* Login */,
				3A4EE2ED279F8FBC0094CAB7 /* LoginTests */,
				3A4EE2F7279F8FBC0094CAB7 /* LoginUITests */,
			);
		};
/* End PBXProject section */

/* Begin PBXResourcesBuildPhase section */
		3A4EE2D7279F8FB50094CAB7 /* Resources */ = {
			isa = PBXResourcesBuildPhase;
			buildActionMask = 2147483647;
			files = (
				3A4EE2E4279F8FBB0094CAB7 /* Preview Assets.xcassets in Resources */,
				3A2057A627AF446D009469F5 /* Color.xcassets in Resources */,
				3A4EE2E1279F8FBB0094CAB7 /* Assets.xcassets in Resources */,
				3A4EE30C279FB0B80094CAB7 /* GoogleService-Info.plist in Resources */,
			);
			runOnlyForDeploymentPostprocessing = 0;
		};
		3A4EE2EC279F8FBC0094CAB7 /* Resources */ = {
			isa = PBXResourcesBuildPhase;
			buildActionMask = 2147483647;
			files = (
			);
			runOnlyForDeploymentPostprocessing = 0;
		};
		3A4EE2F6279F8FBC0094CAB7 /* Resources */ = {
			isa = PBXResourcesBuildPhase;
			buildActionMask = 2147483647;
			files = (
			);
			runOnlyForDeploymentPostprocessing = 0;
		};
/* End PBXResourcesBuildPhase section */

/* Begin PBXShellScriptBuildPhase section */
		14A9066968C7D2BD3363AA1E /* [CP] Check Pods Manifest.lock */ = {
			isa = PBXShellScriptBuildPhase;
			buildActionMask = 2147483647;
			files = (
			);
			inputFileListPaths = (
			);
			inputPaths = (
				"${PODS_PODFILE_DIR_PATH}/Podfile.lock",
				"${PODS_ROOT}/Manifest.lock",
			);
			name = "[CP] Check Pods Manifest.lock";
			outputFileListPaths = (
			);
			outputPaths = (
				"$(DERIVED_FILE_DIR)/Pods-LoginTests-checkManifestLockResult.txt",
			);
			runOnlyForDeploymentPostprocessing = 0;
			shellPath = /bin/sh;
			shellScript = "diff \"${PODS_PODFILE_DIR_PATH}/Podfile.lock\" \"${PODS_ROOT}/Manifest.lock\" > /dev/null\nif [ $? != 0 ] ; then\n    # print error to STDERR\n    echo \"error: The sandbox is not in sync with the Podfile.lock. Run 'pod install' or update your CocoaPods installation.\" >&2\n    exit 1\nfi\n# This output is used by Xcode 'outputs' to avoid re-running this script phase.\necho \"SUCCESS\" > \"${SCRIPT_OUTPUT_FILE_0}\"\n";
			showEnvVarsInLog = 0;
		};
		1FEEC32DAAAEFDD8ADB7F6D5 /* [CP] Check Pods Manifest.lock */ = {
			isa = PBXShellScriptBuildPhase;
			buildActionMask = 2147483647;
			files = (
			);
			inputFileListPaths = (
			);
			inputPaths = (
				"${PODS_PODFILE_DIR_PATH}/Podfile.lock",
				"${PODS_ROOT}/Manifest.lock",
			);
			name = "[CP] Check Pods Manifest.lock";
			outputFileListPaths = (
			);
			outputPaths = (
				"$(DERIVED_FILE_DIR)/Pods-Login-checkManifestLockResult.txt",
			);
			runOnlyForDeploymentPostprocessing = 0;
			shellPath = /bin/sh;
			shellScript = "diff \"${PODS_PODFILE_DIR_PATH}/Podfile.lock\" \"${PODS_ROOT}/Manifest.lock\" > /dev/null\nif [ $? != 0 ] ; then\n    # print error to STDERR\n    echo \"error: The sandbox is not in sync with the Podfile.lock. Run 'pod install' or update your CocoaPods installation.\" >&2\n    exit 1\nfi\n# This output is used by Xcode 'outputs' to avoid re-running this script phase.\necho \"SUCCESS\" > \"${SCRIPT_OUTPUT_FILE_0}\"\n";
			showEnvVarsInLog = 0;
		};
		890861901D0F4DAC194C620B /* [CP] Embed Pods Frameworks */ = {
			isa = PBXShellScriptBuildPhase;
			buildActionMask = 2147483647;
			files = (
			);
			inputFileListPaths = (
				"${PODS_ROOT}/Target Support Files/Pods-Login-LoginUITests/Pods-Login-LoginUITests-frameworks-${CONFIGURATION}-input-files.xcfilelist",
			);
			name = "[CP] Embed Pods Frameworks";
			outputFileListPaths = (
				"${PODS_ROOT}/Target Support Files/Pods-Login-LoginUITests/Pods-Login-LoginUITests-frameworks-${CONFIGURATION}-output-files.xcfilelist",
			);
			runOnlyForDeploymentPostprocessing = 0;
			shellPath = /bin/sh;
			shellScript = "\"${PODS_ROOT}/Target Support Files/Pods-Login-LoginUITests/Pods-Login-LoginUITests-frameworks.sh\"\n";
			showEnvVarsInLog = 0;
		};
		BC155E0820D5EFA30DDAC46A /* [CP] Embed Pods Frameworks */ = {
			isa = PBXShellScriptBuildPhase;
			buildActionMask = 2147483647;
			files = (
			);
			inputFileListPaths = (
				"${PODS_ROOT}/Target Support Files/Pods-Login/Pods-Login-frameworks-${CONFIGURATION}-input-files.xcfilelist",
			);
			name = "[CP] Embed Pods Frameworks";
			outputFileListPaths = (
				"${PODS_ROOT}/Target Support Files/Pods-Login/Pods-Login-frameworks-${CONFIGURATION}-output-files.xcfilelist",
			);
			runOnlyForDeploymentPostprocessing = 0;
			shellPath = /bin/sh;
			shellScript = "\"${PODS_ROOT}/Target Support Files/Pods-Login/Pods-Login-frameworks.sh\"\n";
			showEnvVarsInLog = 0;
		};
		E40B24E72FAABF547EA6C230 /* [CP] Check Pods Manifest.lock */ = {
			isa = PBXShellScriptBuildPhase;
			buildActionMask = 2147483647;
			files = (
			);
			inputFileListPaths = (
			);
			inputPaths = (
				"${PODS_PODFILE_DIR_PATH}/Podfile.lock",
				"${PODS_ROOT}/Manifest.lock",
			);
			name = "[CP] Check Pods Manifest.lock";
			outputFileListPaths = (
			);
			outputPaths = (
				"$(DERIVED_FILE_DIR)/Pods-Login-LoginUITests-checkManifestLockResult.txt",
			);
			runOnlyForDeploymentPostprocessing = 0;
			shellPath = /bin/sh;
			shellScript = "diff \"${PODS_PODFILE_DIR_PATH}/Podfile.lock\" \"${PODS_ROOT}/Manifest.lock\" > /dev/null\nif [ $? != 0 ] ; then\n    # print error to STDERR\n    echo \"error: The sandbox is not in sync with the Podfile.lock. Run 'pod install' or update your CocoaPods installation.\" >&2\n    exit 1\nfi\n# This output is used by Xcode 'outputs' to avoid re-running this script phase.\necho \"SUCCESS\" > \"${SCRIPT_OUTPUT_FILE_0}\"\n";
			showEnvVarsInLog = 0;
		};
/* End PBXShellScriptBuildPhase section */

/* Begin PBXSourcesBuildPhase section */
		3A4EE2D5279F8FB50094CAB7 /* Sources */ = {
			isa = PBXSourcesBuildPhase;
			buildActionMask = 2147483647;
			files = (
				3A4EE2E6279F8FBB0094CAB7 /* Persistence.swift in Sources */,
				3A2057AC27AF4F55009469F5 /* SignInView.swift in Sources */,
				3A4EE30E27A59E010094CAB7 /* ContentViewVM.swift in Sources */,
				3A2057AA27AF4F43009469F5 /* SIgnUpView.swift in Sources */,
				3A4EE2DF279F8FB50094CAB7 /* ContentView.swift in Sources */,
				3A4EE2DD279F8FB50094CAB7 /* LoginApp.swift in Sources */,
				3A4EE2E9279F8FBB0094CAB7 /* Login.xcdatamodeld in Sources */,
			);
			runOnlyForDeploymentPostprocessing = 0;
		};
		3A4EE2EA279F8FBC0094CAB7 /* Sources */ = {
			isa = PBXSourcesBuildPhase;
			buildActionMask = 2147483647;
			files = (
				3A4EE2F3279F8FBC0094CAB7 /* LoginTests.swift in Sources */,
			);
			runOnlyForDeploymentPostprocessing = 0;
		};
		3A4EE2F4279F8FBC0094CAB7 /* Sources */ = {
			isa = PBXSourcesBuildPhase;
			buildActionMask = 2147483647;
			files = (
				3A4EE2FF279F8FBC0094CAB7 /* LoginUITestsLaunchTests.swift in Sources */,
				3A4EE2FD279F8FBC0094CAB7 /* LoginUITests.swift in Sources */,
			);
			runOnlyForDeploymentPostprocessing = 0;
		};
/* End PBXSourcesBuildPhase section */

/* Begin PBXTargetDependency section */
		3A4EE2F0279F8FBC0094CAB7 /* PBXTargetDependency */ = {
			isa = PBXTargetDependency;
			target = 3A4EE2D8279F8FB50094CAB7 /* Login */;
			targetProxy = 3A4EE2EF279F8FBC0094CAB7 /* PBXContainerItemProxy */;
		};
		3A4EE2FA279F8FBC0094CAB7 /* PBXTargetDependency */ = {
			isa = PBXTargetDependency;
			target = 3A4EE2D8279F8FB50094CAB7 /* Login */;
			targetProxy = 3A4EE2F9279F8FBC0094CAB7 /* PBXContainerItemProxy */;
		};
/* End PBXTargetDependency section */

/* Begin XCBuildConfiguration section */
		3A4EE300279F8FBC0094CAB7 /* Debug */ = {
			isa = XCBuildConfiguration;
			buildSettings = {
				ALWAYS_SEARCH_USER_PATHS = NO;
				CLANG_ANALYZER_NONNULL = YES;
				CLANG_ANALYZER_NUMBER_OBJECT_CONVERSION = YES_AGGRESSIVE;
				CLANG_CXX_LANGUAGE_STANDARD = "gnu++17";
				CLANG_CXX_LIBRARY = "libc++";
				CLANG_ENABLE_MODULES = YES;
				CLANG_ENABLE_OBJC_ARC = YES;
				CLANG_ENABLE_OBJC_WEAK = YES;
				CLANG_WARN_BLOCK_CAPTURE_AUTORELEASING = YES;
				CLANG_WARN_BOOL_CONVERSION = YES;
				CLANG_WARN_COMMA = YES;
				CLANG_WARN_CONSTANT_CONVERSION = YES;
				CLANG_WARN_DEPRECATED_OBJC_IMPLEMENTATIONS = YES;
				CLANG_WARN_DIRECT_OBJC_ISA_USAGE = YES_ERROR;
				CLANG_WARN_DOCUMENTATION_COMMENTS = YES;
				CLANG_WARN_EMPTY_BODY = YES;
				CLANG_WARN_ENUM_CONVERSION = YES;
				CLANG_WARN_INFINITE_RECURSION = YES;
				CLANG_WARN_INT_CONVERSION = YES;
				CLANG_WARN_NON_LITERAL_NULL_CONVERSION = YES;
				CLANG_WARN_OBJC_IMPLICIT_RETAIN_SELF = YES;
				CLANG_WARN_OBJC_LITERAL_CONVERSION = YES;
				CLANG_WARN_OBJC_ROOT_CLASS = YES_ERROR;
				CLANG_WARN_QUOTED_INCLUDE_IN_FRAMEWORK_HEADER = YES;
				CLANG_WARN_RANGE_LOOP_ANALYSIS = YES;
				CLANG_WARN_STRICT_PROTOTYPES = YES;
				CLANG_WARN_SUSPICIOUS_MOVE = YES;
				CLANG_WARN_UNGUARDED_AVAILABILITY = YES_AGGRESSIVE;
				CLANG_WARN_UNREACHABLE_CODE = YES;
				CLANG_WARN__DUPLICATE_METHOD_MATCH = YES;
				COPY_PHASE_STRIP = NO;
				DEBUG_INFORMATION_FORMAT = dwarf;
				ENABLE_STRICT_OBJC_MSGSEND = YES;
				ENABLE_TESTABILITY = YES;
				GCC_C_LANGUAGE_STANDARD = gnu11;
				GCC_DYNAMIC_NO_PIC = NO;
				GCC_NO_COMMON_BLOCKS = YES;
				GCC_OPTIMIZATION_LEVEL = 0;
				GCC_PREPROCESSOR_DEFINITIONS = (
					"DEBUG=1",
					"$(inherited)",
				);
				GCC_WARN_64_TO_32_BIT_CONVERSION = YES;
				GCC_WARN_ABOUT_RETURN_TYPE = YES_ERROR;
				GCC_WARN_UNDECLARED_SELECTOR = YES;
				GCC_WARN_UNINITIALIZED_AUTOS = YES_AGGRESSIVE;
				GCC_WARN_UNUSED_FUNCTION = YES;
				GCC_WARN_UNUSED_VARIABLE = YES;
				IPHONEOS_DEPLOYMENT_TARGET = 15.2;
				MTL_ENABLE_DEBUG_INFO = INCLUDE_SOURCE;
				MTL_FAST_MATH = YES;
				ONLY_ACTIVE_ARCH = YES;
				SDKROOT = iphoneos;
				SWIFT_ACTIVE_COMPILATION_CONDITIONS = DEBUG;
				SWIFT_OPTIMIZATION_LEVEL = "-Onone";
			};
			name = Debug;
		};
		3A4EE301279F8FBC0094CAB7 /* Release */ = {
			isa = XCBuildConfiguration;
			buildSettings = {
				ALWAYS_SEARCH_USER_PATHS = NO;
				CLANG_ANALYZER_NONNULL = YES;
				CLANG_ANALYZER_NUMBER_OBJECT_CONVERSION = YES_AGGRESSIVE;
				CLANG_CXX_LANGUAGE_STANDARD = "gnu++17";
				CLANG_CXX_LIBRARY = "libc++";
				CLANG_ENABLE_MODULES = YES;
				CLANG_ENABLE_OBJC_ARC = YES;
				CLANG_ENABLE_OBJC_WEAK = YES;
				CLANG_WARN_BLOCK_CAPTURE_AUTORELEASING = YES;
				CLANG_WARN_BOOL_CONVERSION = YES;
				CLANG_WARN_COMMA = YES;
				CLANG_WARN_CONSTANT_CONVERSION = YES;
				CLANG_WARN_DEPRECATED_OBJC_IMPLEMENTATIONS = YES;
				CLANG_WARN_DIRECT_OBJC_ISA_USAGE = YES_ERROR;
				CLANG_WARN_DOCUMENTATION_COMMENTS = YES;
				CLANG_WARN_EMPTY_BODY = YES;
				CLANG_WARN_ENUM_CONVERSION = YES;
				CLANG_WARN_INFINITE_RECURSION = YES;
				CLANG_WARN_INT_CONVERSION = YES;
				CLANG_WARN_NON_LITERAL_NULL_CONVERSION = YES;
				CLANG_WARN_OBJC_IMPLICIT_RETAIN_SELF = YES;
				CLANG_WARN_OBJC_LITERAL_CONVERSION = YES;
				CLANG_WARN_OBJC_ROOT_CLASS = YES_ERROR;
				CLANG_WARN_QUOTED_INCLUDE_IN_FRAMEWORK_HEADER = YES;
				CLANG_WARN_RANGE_LOOP_ANALYSIS = YES;
				CLANG_WARN_STRICT_PROTOTYPES = YES;
				CLANG_WARN_SUSPICIOUS_MOVE = YES;
				CLANG_WARN_UNGUARDED_AVAILABILITY = YES_AGGRESSIVE;
				CLANG_WARN_UNREACHABLE_CODE = YES;
				CLANG_WARN__DUPLICATE_METHOD_MATCH = YES;
				COPY_PHASE_STRIP = NO;
				DEBUG_INFORMATION_FORMAT = "dwarf-with-dsym";
				ENABLE_NS_ASSERTIONS = NO;
				ENABLE_STRICT_OBJC_MSGSEND = YES;
				GCC_C_LANGUAGE_STANDARD = gnu11;
				GCC_NO_COMMON_BLOCKS = YES;
				GCC_WARN_64_TO_32_BIT_CONVERSION = YES;
				GCC_WARN_ABOUT_RETURN_TYPE = YES_ERROR;
				GCC_WARN_UNDECLARED_SELECTOR = YES;
				GCC_WARN_UNINITIALIZED_AUTOS = YES_AGGRESSIVE;
				GCC_WARN_UNUSED_FUNCTION = YES;
				GCC_WARN_UNUSED_VARIABLE = YES;
				IPHONEOS_DEPLOYMENT_TARGET = 15.2;
				MTL_ENABLE_DEBUG_INFO = NO;
				MTL_FAST_MATH = YES;
				SDKROOT = iphoneos;
				SWIFT_COMPILATION_MODE = wholemodule;
				SWIFT_OPTIMIZATION_LEVEL = "-O";
				VALIDATE_PRODUCT = YES;
			};
			name = Release;
		};
		3A4EE303279F8FBC0094CAB7 /* Debug */ = {
			isa = XCBuildConfiguration;
			baseConfigurationReference = 6F3F10B128B70644CFED6E8D /* Pods-Login.debug.xcconfig */;
			buildSettings = {
				ASSETCATALOG_COMPILER_APPICON_NAME = AppIcon;
				ASSETCATALOG_COMPILER_GLOBAL_ACCENT_COLOR_NAME = AccentColor;
				CODE_SIGN_STYLE = Automatic;
				CURRENT_PROJECT_VERSION = 1;
				DEVELOPMENT_ASSET_PATHS = "\"Login/Preview Content\"";
				DEVELOPMENT_TEAM = TFGQTYMVM3;
				ENABLE_PREVIEWS = YES;
				GENERATE_INFOPLIST_FILE = YES;
				INFOPLIST_FILE = Login/Info.plist;
				INFOPLIST_KEY_UIApplicationSceneManifest_Generation = YES;
				INFOPLIST_KEY_UIApplicationSupportsIndirectInputEvents = YES;
				INFOPLIST_KEY_UISupportedInterfaceOrientations_iPad = "UIInterfaceOrientationPortrait UIInterfaceOrientationPortraitUpsideDown UIInterfaceOrientationLandscapeLeft UIInterfaceOrientationLandscapeRight";
				INFOPLIST_KEY_UISupportedInterfaceOrientations_iPhone = "UIInterfaceOrientationPortrait UIInterfaceOrientationLandscapeLeft UIInterfaceOrientationLandscapeRight";
				LD_RUNPATH_SEARCH_PATHS = (
					"$(inherited)",
					"@executable_path/Frameworks",
				);
				MARKETING_VERSION = 1.0;
				PRODUCT_BUNDLE_IDENTIFIER = froy.com.Login;
				PRODUCT_NAME = "$(TARGET_NAME)";
				SWIFT_EMIT_LOC_STRINGS = YES;
				SWIFT_VERSION = 5.0;
				TARGETED_DEVICE_FAMILY = "1,2";
			};
			name = Debug;
		};
		3A4EE304279F8FBC0094CAB7 /* Release */ = {
			isa = XCBuildConfiguration;
			baseConfigurationReference = AB0A08DE312E0A963F057F87 /* Pods-Login.release.xcconfig */;
			buildSettings = {
				ASSETCATALOG_COMPILER_APPICON_NAME = AppIcon;
				ASSETCATALOG_COMPILER_GLOBAL_ACCENT_COLOR_NAME = AccentColor;
				CODE_SIGN_STYLE = Automatic;
				CURRENT_PROJECT_VERSION = 1;
				DEVELOPMENT_ASSET_PATHS = "\"Login/Preview Content\"";
				DEVELOPMENT_TEAM = TFGQTYMVM3;
				ENABLE_PREVIEWS = YES;
				GENERATE_INFOPLIST_FILE = YES;
				INFOPLIST_FILE = Login/Info.plist;
				INFOPLIST_KEY_UIApplicationSceneManifest_Generation = YES;
				INFOPLIST_KEY_UIApplicationSupportsIndirectInputEvents = YES;
				INFOPLIST_KEY_UISupportedInterfaceOrientations_iPad = "UIInterfaceOrientationPortrait UIInterfaceOrientationPortraitUpsideDown UIInterfaceOrientationLandscapeLeft UIInterfaceOrientationLandscapeRight";
				INFOPLIST_KEY_UISupportedInterfaceOrientations_iPhone = "UIInterfaceOrientationPortrait UIInterfaceOrientationLandscapeLeft UIInterfaceOrientationLandscapeRight";
				LD_RUNPATH_SEARCH_PATHS = (
					"$(inherited)",
					"@executable_path/Frameworks",
				);
				MARKETING_VERSION = 1.0;
				PRODUCT_BUNDLE_IDENTIFIER = froy.com.Login;
				PRODUCT_NAME = "$(TARGET_NAME)";
				SWIFT_EMIT_LOC_STRINGS = YES;
				SWIFT_VERSION = 5.0;
				TARGETED_DEVICE_FAMILY = "1,2";
			};
			name = Release;
		};
		3A4EE306279F8FBC0094CAB7 /* Debug */ = {
			isa = XCBuildConfiguration;
			baseConfigurationReference = 2E575B569106C97995103B20 /* Pods-LoginTests.debug.xcconfig */;
			buildSettings = {
				ALWAYS_EMBED_SWIFT_STANDARD_LIBRARIES = YES;
				BUNDLE_LOADER = "$(TEST_HOST)";
				CODE_SIGN_STYLE = Automatic;
				CURRENT_PROJECT_VERSION = 1;
				DEVELOPMENT_TEAM = TFGQTYMVM3;
				GENERATE_INFOPLIST_FILE = YES;
				IPHONEOS_DEPLOYMENT_TARGET = 15.2;
				MARKETING_VERSION = 1.0;
				PRODUCT_BUNDLE_IDENTIFIER = froy.com.LoginTests;
				PRODUCT_NAME = "$(TARGET_NAME)";
				SWIFT_EMIT_LOC_STRINGS = NO;
				SWIFT_VERSION = 5.0;
				TARGETED_DEVICE_FAMILY = "1,2";
				TEST_HOST = "$(BUILT_PRODUCTS_DIR)/Login.app/Login";
			};
			name = Debug;
		};
		3A4EE307279F8FBC0094CAB7 /* Release */ = {
			isa = XCBuildConfiguration;
			baseConfigurationReference = 61F78B4A997E84BBE63BC651 /* Pods-LoginTests.release.xcconfig */;
			buildSettings = {
				ALWAYS_EMBED_SWIFT_STANDARD_LIBRARIES = YES;
				BUNDLE_LOADER = "$(TEST_HOST)";
				CODE_SIGN_STYLE = Automatic;
				CURRENT_PROJECT_VERSION = 1;
				DEVELOPMENT_TEAM = TFGQTYMVM3;
				GENERATE_INFOPLIST_FILE = YES;
				IPHONEOS_DEPLOYMENT_TARGET = 15.2;
				MARKETING_VERSION = 1.0;
				PRODUCT_BUNDLE_IDENTIFIER = froy.com.LoginTests;
				PRODUCT_NAME = "$(TARGET_NAME)";
				SWIFT_EMIT_LOC_STRINGS = NO;
				SWIFT_VERSION = 5.0;
				TARGETED_DEVICE_FAMILY = "1,2";
				TEST_HOST = "$(BUILT_PRODUCTS_DIR)/Login.app/Login";
			};
			name = Release;
		};
		3A4EE309279F8FBC0094CAB7 /* Debug */ = {
			isa = XCBuildConfiguration;
			baseConfigurationReference = FF50D774905BC72057824DC5 /* Pods-Login-LoginUITests.debug.xcconfig */;
			buildSettings = {
				ALWAYS_EMBED_SWIFT_STANDARD_LIBRARIES = YES;
				CODE_SIGN_STYLE = Automatic;
				CURRENT_PROJECT_VERSION = 1;
				DEVELOPMENT_TEAM = TFGQTYMVM3;
				GENERATE_INFOPLIST_FILE = YES;
				MARKETING_VERSION = 1.0;
				PRODUCT_BUNDLE_IDENTIFIER = froy.com.LoginUITests;
				PRODUCT_NAME = "$(TARGET_NAME)";
				SWIFT_EMIT_LOC_STRINGS = NO;
				SWIFT_VERSION = 5.0;
				TARGETED_DEVICE_FAMILY = "1,2";
				TEST_TARGET_NAME = Login;
			};
			name = Debug;
		};
		3A4EE30A279F8FBC0094CAB7 /* Release */ = {
			isa = XCBuildConfiguration;
			baseConfigurationReference = 26F89C7437E115AE0618327E /* Pods-Login-LoginUITests.release.xcconfig */;
			buildSettings = {
				ALWAYS_EMBED_SWIFT_STANDARD_LIBRARIES = YES;
				CODE_SIGN_STYLE = Automatic;
				CURRENT_PROJECT_VERSION = 1;
				DEVELOPMENT_TEAM = TFGQTYMVM3;
				GENERATE_INFOPLIST_FILE = YES;
				MARKETING_VERSION = 1.0;
				PRODUCT_BUNDLE_IDENTIFIER = froy.com.LoginUITests;
				PRODUCT_NAME = "$(TARGET_NAME)";
				SWIFT_EMIT_LOC_STRINGS = NO;
				SWIFT_VERSION = 5.0;
				TARGETED_DEVICE_FAMILY = "1,2";
				TEST_TARGET_NAME = Login;
			};
			name = Release;
		};
/* End XCBuildConfiguration section */

/* Begin XCConfigurationList section */
		3A4EE2D4279F8FB40094CAB7 /* Build configuration list for PBXProject "Login" */ = {
			isa = XCConfigurationList;
			buildConfigurations = (
				3A4EE300279F8FBC0094CAB7 /* Debug */,
				3A4EE301279F8FBC0094CAB7 /* Release */,
			);
			defaultConfigurationIsVisible = 0;
			defaultConfigurationName = Release;
		};
		3A4EE302279F8FBC0094CAB7 /* Build configuration list for PBXNativeTarget "Login" */ = {
			isa = XCConfigurationList;
			buildConfigurations = (
				3A4EE303279F8FBC0094CAB7 /* Debug */,
				3A4EE304279F8FBC0094CAB7 /* Release */,
			);
			defaultConfigurationIsVisible = 0;
			defaultConfigurationName = Release;
		};
		3A4EE305279F8FBC0094CAB7 /* Build configuration list for PBXNativeTarget "LoginTests" */ = {
			isa = XCConfigurationList;
			buildConfigurations = (
				3A4EE306279F8FBC0094CAB7 /* Debug */,
				3A4EE307279F8FBC0094CAB7 /* Release */,
			);
			defaultConfigurationIsVisible = 0;
			defaultConfigurationName = Release;
		};
		3A4EE308279F8FBC0094CAB7 /* Build configuration list for PBXNativeTarget "LoginUITests" */ = {
			isa = XCConfigurationList;
			buildConfigurations = (
				3A4EE309279F8FBC0094CAB7 /* Debug */,
				3A4EE30A279F8FBC0094CAB7 /* Release */,
			);
			defaultConfigurationIsVisible = 0;
			defaultConfigurationName = Release;
		};
/* End XCConfigurationList section */

/* Begin XCVersionGroup section */
		3A4EE2E7279F8FBB0094CAB7 /* Login.xcdatamodeld */ = {
			isa = XCVersionGroup;
			children = (
				3A4EE2E8279F8FBB0094CAB7 /* Login.xcdatamodel */,
			);
			currentVersion = 3A4EE2E8279F8FBB0094CAB7 /* Login.xcdatamodel */;
			path = Login.xcdatamodeld;
			sourceTree = "<group>";
			versionGroupType = wrapper.xcdatamodel;
		};
/* End XCVersionGroup section */
	};
	rootObject = 3A4EE2D1279F8FB40094CAB7 /* Project object */;
}
